// !$*UTF8*$!
{
	archiveVersion = 1;
	classes = {
	};
	objectVersion = 77;
	objects = {

/* Begin PBXBuildFile section */
		DC54F26F2E3FDE8E002A19E4 /* CoctailGuideApp.swift in Sources */ = {isa = PBXBuildFile; fileRef = DC54F26C2E3FDE8E002A19E4 /* CoctailGuideApp.swift */; };
		DC54F2702E3FDE8E002A19E4 /* HomeView.swift in Sources */ = {isa = PBXBuildFile; fileRef = DC54F26D2E3FDE8E002A19E4 /* HomeView.swift */; };
		DC54F2712E3FDE8E002A19E4 /* Preview Assets.xcassets in Resources */ = {isa = PBXBuildFile; fileRef = DC54F2692E3FDE8E002A19E4 /* Preview Assets.xcassets */; };
		DC54F2722E3FDE8E002A19E4 /* Assets.xcassets in Resources */ = {isa = PBXBuildFile; fileRef = DC54F26B2E3FDE8E002A19E4 /* Assets.xcassets */; };
		DC54F2752E3FDEB0002A19E4 /* NetworkManager.swift in Sources */ = {isa = PBXBuildFile; fileRef = DC54F2742E3FDEB0002A19E4 /* NetworkManager.swift */; };
		DC54F2782E3FDED4002A19E4 /* Coctail.swift in Sources */ = {isa = PBXBuildFile; fileRef = DC54F2772E3FDED4002A19E4 /* Coctail.swift */; };
		DC54F27B2E3FE7A6002A19E4 /* HomeViewModel.swift in Sources */ = {isa = PBXBuildFile; fileRef = DC54F27A2E3FE7A6002A19E4 /* HomeViewModel.swift */; };
/* End PBXBuildFile section */

/* Begin PBXFileReference section */
		DC54F2582E3FDE60002A19E4 /* CoctailGuide.app */ = {isa = PBXFileReference; explicitFileType = wrapper.application; includeInIndex = 0; path = CoctailGuide.app; sourceTree = BUILT_PRODUCTS_DIR; };
		DC54F2692E3FDE8E002A19E4 /* Preview Assets.xcassets */ = {isa = PBXFileReference; lastKnownFileType = folder.assetcatalog; path = "Preview Assets.xcassets"; sourceTree = "<group>"; };
		DC54F26B2E3FDE8E002A19E4 /* Assets.xcassets */ = {isa = PBXFileReference; lastKnownFileType = folder.assetcatalog; path = Assets.xcassets; sourceTree = "<group>"; };
		DC54F26C2E3FDE8E002A19E4 /* CoctailGuideApp.swift */ = {isa = PBXFileReference; lastKnownFileType = sourcecode.swift; path = CoctailGuideApp.swift; sourceTree = "<group>"; };
		DC54F26D2E3FDE8E002A19E4 /* HomeView.swift */ = {isa = PBXFileReference; lastKnownFileType = sourcecode.swift; path = HomeView.swift; sourceTree = "<group>"; };
		DC54F2742E3FDEB0002A19E4 /* NetworkManager.swift */ = {isa = PBXFileReference; lastKnownFileType = sourcecode.swift; path = NetworkManager.swift; sourceTree = "<group>"; };
		DC54F2772E3FDED4002A19E4 /* Coctail.swift */ = {isa = PBXFileReference; lastKnownFileType = sourcecode.swift; path = Coctail.swift; sourceTree = "<group>"; };
		DC54F27A2E3FE7A6002A19E4 /* HomeViewModel.swift */ = {isa = PBXFileReference; lastKnownFileType = sourcecode.swift; path = HomeViewModel.swift; sourceTree = "<group>"; };
/* End PBXFileReference section */

/* Begin PBXFrameworksBuildPhase section */
		DC54F2552E3FDE60002A19E4 /* Frameworks */ = {
			isa = PBXFrameworksBuildPhase;
			buildActionMask = 2147483647;
			files = (
			);
			runOnlyForDeploymentPostprocessing = 0;
		};
/* End PBXFrameworksBuildPhase section */

/* Begin PBXGroup section */
		DC54F24F2E3FDE60002A19E4 = {
			isa = PBXGroup;
			children = (
				DC54F26E2E3FDE8E002A19E4 /* CoctailGuide */,
				DC54F2592E3FDE60002A19E4 /* Products */,
			);
			sourceTree = "<group>";
		};
		DC54F2592E3FDE60002A19E4 /* Products */ = {
			isa = PBXGroup;
			children = (
				DC54F2582E3FDE60002A19E4 /* CoctailGuide.app */,
			);
			name = Products;
			sourceTree = "<group>";
		};
		DC54F26A2E3FDE8E002A19E4 /* Preview Content */ = {
			isa = PBXGroup;
			children = (
				DC54F2692E3FDE8E002A19E4 /* Preview Assets.xcassets */,
			);
			path = "Preview Content";
			sourceTree = "<group>";
		};
		DC54F26E2E3FDE8E002A19E4 /* CoctailGuide */ = {
			isa = PBXGroup;
			children = (
				DC54F2762E3FDEB8002A19E4 /* Models */,
				DC54F2792E3FE631002A19E4 /* ViewModels */,
				DC54F2732E3FDE96002A19E4 /* Services */,
				DC54F26A2E3FDE8E002A19E4 /* Preview Content */,
				DC54F26B2E3FDE8E002A19E4 /* Assets.xcassets */,
				DC54F26C2E3FDE8E002A19E4 /* CoctailGuideApp.swift */,
				DC54F26D2E3FDE8E002A19E4 /* HomeView.swift */,
			);
			path = CoctailGuide;
			sourceTree = "<group>";
		};
		DC54F2732E3FDE96002A19E4 /* Services */ = {
			isa = PBXGroup;
			children = (
				DC54F2742E3FDEB0002A19E4 /* NetworkManager.swift */,
			);
			path = Services;
			sourceTree = "<group>";
		};
		DC54F2762E3FDEB8002A19E4 /* Models */ = {
			isa = PBXGroup;
			children = (
				DC54F2772E3FDED4002A19E4 /* Coctail.swift */,
			);
			path = Models;
			sourceTree = "<group>";
		};
		DC54F2792E3FE631002A19E4 /* ViewModels */ = {
			isa = PBXGroup;
			children = (
				DC54F27A2E3FE7A6002A19E4 /* HomeViewModel.swift */,
			);
			path = ViewModels;
			sourceTree = "<group>";
		};
/* End PBXGroup section */

/* Begin PBXNativeTarget section */
		DC54F2572E3FDE60002A19E4 /* CoctailGuide */ = {
			isa = PBXNativeTarget;
			buildConfigurationList = DC54F2662E3FDE62002A19E4 /* Build configuration list for PBXNativeTarget "CoctailGuide" */;
			buildPhases = (
				DC54F2542E3FDE60002A19E4 /* Sources */,
				DC54F2552E3FDE60002A19E4 /* Frameworks */,
				DC54F2562E3FDE60002A19E4 /* Resources */,
			);
			buildRules = (
			);
			dependencies = (
			);
			name = CoctailGuide;
			packageProductDependencies = (
			);
			productName = CoctailGuide;
			productReference = DC54F2582E3FDE60002A19E4 /* CoctailGuide.app */;
			productType = "com.apple.product-type.application";
		};
/* End PBXNativeTarget section */

/* Begin PBXProject section */
		DC54F2502E3FDE60002A19E4 /* Project object */ = {
			isa = PBXProject;
			attributes = {
				BuildIndependentTargetsInParallel = 1;
				LastSwiftUpdateCheck = 1620;
				LastUpgradeCheck = 1620;
				TargetAttributes = {
					DC54F2572E3FDE60002A19E4 = {
						CreatedOnToolsVersion = 16.2;
					};
				};
			};
			buildConfigurationList = DC54F2532E3FDE60002A19E4 /* Build configuration list for PBXProject "CoctailGuide" */;
			developmentRegion = en;
			hasScannedForEncodings = 0;
			knownRegions = (
				en,
				Base,
			);
			mainGroup = DC54F24F2E3FDE60002A19E4;
			minimizedProjectReferenceProxies = 1;
			preferredProjectObjectVersion = 77;
			productRefGroup = DC54F2592E3FDE60002A19E4 /* Products */;
			projectDirPath = "";
			projectRoot = "";
			targets = (
				DC54F2572E3FDE60002A19E4 /* CoctailGuide */,
			);
		};
/* End PBXProject section */

/* Begin PBXResourcesBuildPhase section */
		DC54F2562E3FDE60002A19E4 /* Resources */ = {
			isa = PBXResourcesBuildPhase;
			buildActionMask = 2147483647;
			files = (
				DC54F2712E3FDE8E002A19E4 /* Preview Assets.xcassets in Resources */,
				DC54F2722E3FDE8E002A19E4 /* Assets.xcassets in Resources */,
			);
			runOnlyForDeploymentPostprocessing = 0;
		};
/* End PBXResourcesBuildPhase section */

/* Begin PBXSourcesBuildPhase section */
		DC54F2542E3FDE60002A19E4 /* Sources */ = {
			isa = PBXSourcesBuildPhase;
			buildActionMask = 2147483647;
			files = (
				DC54F2752E3FDEB0002A19E4 /* NetworkManager.swift in Sources */,
				DC54F26F2E3FDE8E002A19E4 /* CoctailGuideApp.swift in Sources */,
				DC54F2702E3FDE8E002A19E4 /* HomeView.swift in Sources */,
				DC54F27B2E3FE7A6002A19E4 /* HomeViewModel.swift in Sources */,
				DC54F2782E3FDED4002A19E4 /* Coctail.swift in Sources */,
			);
			runOnlyForDeploymentPostprocessing = 0;
		};
/* End PBXSourcesBuildPhase section */

/* Begin XCBuildConfiguration section */
		DC54F2642E3FDE62002A19E4 /* Debug */ = {
			isa = XCBuildConfiguration;
			buildSettings = {
				ALWAYS_SEARCH_USER_PATHS = NO;
				ASSETCATALOG_COMPILER_GENERATE_SWIFT_ASSET_SYMBOL_EXTENSIONS = YES;
				CLANG_ANALYZER_NONNULL = YES;
				CLANG_ANALYZER_NUMBER_OBJECT_CONVERSION = YES_AGGRESSIVE;
				CLANG_CXX_LANGUAGE_STANDARD = "gnu++20";
				CLANG_ENABLE_MODULES = YES;
				CLANG_ENABLE_OBJC_ARC = YES;
				CLANG_ENABLE_OBJC_WEAK = YES;
				CLANG_WARN_BLOCK_CAPTURE_AUTORELEASING = YES;
				CLANG_WARN_BOOL_CONVERSION = YES;
				CLANG_WARN_COMMA = YES;
				CLANG_WARN_CONSTANT_CONVERSION = YES;
				CLANG_WARN_DEPRECATED_OBJC_IMPLEMENTATIONS = YES;
				CLANG_WARN_DIRECT_OBJC_ISA_USAGE = YES_ERROR;
				CLANG_WARN_DOCUMENTATION_COMMENTS = YES;
				CLANG_WARN_EMPTY_BODY = YES;
				CLANG_WARN_ENUM_CONVERSION = YES;
				CLANG_WARN_INFINITE_RECURSION = YES;
				CLANG_WARN_INT_CONVERSION = YES;
				CLANG_WARN_NON_LITERAL_NULL_CONVERSION = YES;
				CLANG_WARN_OBJC_IMPLICIT_RETAIN_SELF = YES;
				CLANG_WARN_OBJC_LITERAL_CONVERSION = YES;
				CLANG_WARN_OBJC_ROOT_CLASS = YES_ERROR;
				CLANG_WARN_QUOTED_INCLUDE_IN_FRAMEWORK_HEADER = YES;
				CLANG_WARN_RANGE_LOOP_ANALYSIS = YES;
				CLANG_WARN_STRICT_PROTOTYPES = YES;
				CLANG_WARN_SUSPICIOUS_MOVE = YES;
				CLANG_WARN_UNGUARDED_AVAILABILITY = YES_AGGRESSIVE;
				CLANG_WARN_UNREACHABLE_CODE = YES;
				CLANG_WARN__DUPLICATE_METHOD_MATCH = YES;
				COPY_PHASE_STRIP = NO;
				DEBUG_INFORMATION_FORMAT = dwarf;
				ENABLE_STRICT_OBJC_MSGSEND = YES;
				ENABLE_TESTABILITY = YES;
				ENABLE_USER_SCRIPT_SANDBOXING = YES;
				GCC_C_LANGUAGE_STANDARD = gnu17;
				GCC_DYNAMIC_NO_PIC = NO;
				GCC_NO_COMMON_BLOCKS = YES;
				GCC_OPTIMIZATION_LEVEL = 0;
				GCC_PREPROCESSOR_DEFINITIONS = (
					"DEBUG=1",
					"$(inherited)",
				);
				GCC_WARN_64_TO_32_BIT_CONVERSION = YES;
				GCC_WARN_ABOUT_RETURN_TYPE = YES_ERROR;
				GCC_WARN_UNDECLARED_SELECTOR = YES;
				GCC_WARN_UNINITIALIZED_AUTOS = YES_AGGRESSIVE;
				GCC_WARN_UNUSED_FUNCTION = YES;
				GCC_WARN_UNUSED_VARIABLE = YES;
				IPHONEOS_DEPLOYMENT_TARGET = 18.2;
				LOCALIZATION_PREFERS_STRING_CATALOGS = YES;
				MTL_ENABLE_DEBUG_INFO = INCLUDE_SOURCE;
				MTL_FAST_MATH = YES;
				ONLY_ACTIVE_ARCH = YES;
				SDKROOT = iphoneos;
				SWIFT_ACTIVE_COMPILATION_CONDITIONS = "DEBUG $(inherited)";
				SWIFT_OPTIMIZATION_LEVEL = "-Onone";
			};
			name = Debug;
		};
		DC54F2652E3FDE62002A19E4 /* Release */ = {
			isa = XCBuildConfiguration;
			buildSettings = {
				ALWAYS_SEARCH_USER_PATHS = NO;
				ASSETCATALOG_COMPILER_GENERATE_SWIFT_ASSET_SYMBOL_EXTENSIONS = YES;
				CLANG_ANALYZER_NONNULL = YES;
				CLANG_ANALYZER_NUMBER_OBJECT_CONVERSION = YES_AGGRESSIVE;
				CLANG_CXX_LANGUAGE_STANDARD = "gnu++20";
				CLANG_ENABLE_MODULES = YES;
				CLANG_ENABLE_OBJC_ARC = YES;
				CLANG_ENABLE_OBJC_WEAK = YES;
				CLANG_WARN_BLOCK_CAPTURE_AUTORELEASING = YES;
				CLANG_WARN_BOOL_CONVERSION = YES;
				CLANG_WARN_COMMA = YES;
				CLANG_WARN_CONSTANT_CONVERSION = YES;
				CLANG_WARN_DEPRECATED_OBJC_IMPLEMENTATIONS = YES;
				CLANG_WARN_DIRECT_OBJC_ISA_USAGE = YES_ERROR;
				CLANG_WARN_DOCUMENTATION_COMMENTS = YES;
				CLANG_WARN_EMPTY_BODY = YES;
				CLANG_WARN_ENUM_CONVERSION = YES;
				CLANG_WARN_INFINITE_RECURSION = YES;
				CLANG_WARN_INT_CONVERSION = YES;
				CLANG_WARN_NON_LITERAL_NULL_CONVERSION = YES;
				CLANG_WARN_OBJC_IMPLICIT_RETAIN_SELF = YES;
				CLANG_WARN_OBJC_LITERAL_CONVERSION = YES;
				CLANG_WARN_OBJC_ROOT_CLASS = YES_ERROR;
				CLANG_WARN_QUOTED_INCLUDE_IN_FRAMEWORK_HEADER = YES;
				CLANG_WARN_RANGE_LOOP_ANALYSIS = YES;
				CLANG_WARN_STRICT_PROTOTYPES = YES;
				CLANG_WARN_SUSPICIOUS_MOVE = YES;
				CLANG_WARN_UNGUARDED_AVAILABILITY = YES_AGGRESSIVE;
				CLANG_WARN_UNREACHABLE_CODE = YES;
				CLANG_WARN__DUPLICATE_METHOD_MATCH = YES;
				COPY_PHASE_STRIP = NO;
				DEBUG_INFORMATION_FORMAT = "dwarf-with-dsym";
				ENABLE_NS_ASSERTIONS = NO;
				ENABLE_STRICT_OBJC_MSGSEND = YES;
				ENABLE_USER_SCRIPT_SANDBOXING = YES;
				GCC_C_LANGUAGE_STANDARD = gnu17;
				GCC_NO_COMMON_BLOCKS = YES;
				GCC_WARN_64_TO_32_BIT_CONVERSION = YES;
				GCC_WARN_ABOUT_RETURN_TYPE = YES_ERROR;
				GCC_WARN_UNDECLARED_SELECTOR = YES;
				GCC_WARN_UNINITIALIZED_AUTOS = YES_AGGRESSIVE;
				GCC_WARN_UNUSED_FUNCTION = YES;
				GCC_WARN_UNUSED_VARIABLE = YES;
				IPHONEOS_DEPLOYMENT_TARGET = 18.2;
				LOCALIZATION_PREFERS_STRING_CATALOGS = YES;
				MTL_ENABLE_DEBUG_INFO = NO;
				MTL_FAST_MATH = YES;
				SDKROOT = iphoneos;
				SWIFT_COMPILATION_MODE = wholemodule;
				VALIDATE_PRODUCT = YES;
			};
			name = Release;
		};
		DC54F2672E3FDE62002A19E4 /* Debug */ = {
			isa = XCBuildConfiguration;
			buildSettings = {
				ASSETCATALOG_COMPILER_APPICON_NAME = AppIcon;
				ASSETCATALOG_COMPILER_GLOBAL_ACCENT_COLOR_NAME = AccentColor;
				CODE_SIGN_STYLE = Automatic;
				CURRENT_PROJECT_VERSION = 1;
				DEVELOPMENT_ASSET_PATHS = "\"CoctailGuide/Preview Content\"";
				DEVELOPMENT_TEAM = 77YH724CV2;
				ENABLE_PREVIEWS = YES;
				GENERATE_INFOPLIST_FILE = YES;
				INFOPLIST_KEY_UIApplicationSceneManifest_Generation = YES;
				INFOPLIST_KEY_UIApplicationSupportsIndirectInputEvents = YES;
				INFOPLIST_KEY_UILaunchScreen_Generation = YES;
				INFOPLIST_KEY_UISupportedInterfaceOrientations = UIInterfaceOrientationPortrait;
				IPHONEOS_DEPLOYMENT_TARGET = 16.6;
				LD_RUNPATH_SEARCH_PATHS = (
					"$(inherited)",
					"@executable_path/Frameworks",
				);
				MARKETING_VERSION = 0.0.1;
				PRODUCT_BUNDLE_IDENTIFIER = com.zakurakin.CoctailGuide;
				PRODUCT_NAME = "$(TARGET_NAME)";
				SUPPORTED_PLATFORMS = "iphoneos iphonesimulator";
				SUPPORTS_MACCATALYST = NO;
				SUPPORTS_MAC_DESIGNED_FOR_IPHONE_IPAD = NO;
				SUPPORTS_XR_DESIGNED_FOR_IPHONE_IPAD = NO;
				SWIFT_EMIT_LOC_STRINGS = YES;
				SWIFT_VERSION = 5.0;
				TARGETED_DEVICE_FAMILY = "1,2";
			};
			name = Debug;
		};
		DC54F2682E3FDE62002A19E4 /* Release */ = {
			isa = XCBuildConfiguration;
			buildSettings = {
				ASSETCATALOG_COMPILER_APPICON_NAME = AppIcon;
				ASSETCATALOG_COMPILER_GLOBAL_ACCENT_COLOR_NAME = AccentColor;
				CODE_SIGN_STYLE = Automatic;
				CURRENT_PROJECT_VERSION = 1;
				DEVELOPMENT_ASSET_PATHS = "\"CoctailGuide/Preview Content\"";
				DEVELOPMENT_TEAM = 77YH724CV2;
				ENABLE_PREVIEWS = YES;
				GENERATE_INFOPLIST_FILE = YES;
				INFOPLIST_KEY_UIApplicationSceneManifest_Generation = YES;
				INFOPLIST_KEY_UIApplicationSupportsIndirectInputEvents = YES;
				INFOPLIST_KEY_UILaunchScreen_Generation = YES;
				INFOPLIST_KEY_UISupportedInterfaceOrientations = UIInterfaceOrientationPortrait;
				IPHONEOS_DEPLOYMENT_TARGET = 16.6;
				LD_RUNPATH_SEARCH_PATHS = (
					"$(inherited)",
					"@executable_path/Frameworks",
				);
				MARKETING_VERSION = 0.0.1;
				PRODUCT_BUNDLE_IDENTIFIER = com.zakurakin.CoctailGuide;
				PRODUCT_NAME = "$(TARGET_NAME)";
				SUPPORTED_PLATFORMS = "iphoneos iphonesimulator";
				SUPPORTS_MACCATALYST = NO;
				SUPPORTS_MAC_DESIGNED_FOR_IPHONE_IPAD = NO;
				SUPPORTS_XR_DESIGNED_FOR_IPHONE_IPAD = NO;
				SWIFT_EMIT_LOC_STRINGS = YES;
				SWIFT_VERSION = 5.0;
				TARGETED_DEVICE_FAMILY = "1,2";
			};
			name = Release;
		};
/* End XCBuildConfiguration section */

/* Begin XCConfigurationList section */
		DC54F2532E3FDE60002A19E4 /* Build configuration list for PBXProject "CoctailGuide" */ = {
			isa = XCConfigurationList;
			buildConfigurations = (
				DC54F2642E3FDE62002A19E4 /* Debug */,
				DC54F2652E3FDE62002A19E4 /* Release */,
			);
			defaultConfigurationIsVisible = 0;
			defaultConfigurationName = Release;
		};
		DC54F2662E3FDE62002A19E4 /* Build configuration list for PBXNativeTarget "CoctailGuide" */ = {
			isa = XCConfigurationList;
			buildConfigurations = (
				DC54F2672E3FDE62002A19E4 /* Debug */,
				DC54F2682E3FDE62002A19E4 /* Release */,
			);
			defaultConfigurationIsVisible = 0;
			defaultConfigurationName = Release;
		};
/* End XCConfigurationList section */
	};
	rootObject = DC54F2502E3FDE60002A19E4 /* Project object */;
}
